
Microsoft Visual Studio Solution File, Format Version 12.00
# Visual Studio Version 16
VisualStudioVersion = 16.0.31911.196
MinimumVisualStudioVersion = 10.0.40219.1
Project("{2150E333-8FDC-42A3-9474-1A3956D46DE8}") = "Presentation", "Presentation", "{CD3490F0-9CBA-4687-9782-F1F043044A3D}"
EndProject
Project("{9A19103F-16F7-4668-BE54-9A1E7A4F7556}") = "AR.Presentation", "AR.Apresentacao\AR.Presentation.csproj", "{0AE063A4-BA16-44C7-A0E8-CB1BD8DD4F59}"
EndProject
Global
	GlobalSection(SolutionConfigurationPlatforms) = preSolution
		Debug|Any CPU = Debug|Any CPU
		Release|Any CPU = Release|Any CPU
	EndGlobalSection
	GlobalSection(ProjectConfigurationPlatforms) = postSolution
		{0AE063A4-BA16-44C7-A0E8-CB1BD8DD4F59}.Debug|Any CPU.ActiveCfg = Debug|Any CPU
		{0AE063A4-BA16-44C7-A0E8-CB1BD8DD4F59}.Debug|Any CPU.Build.0 = Debug|Any CPU
		{0AE063A4-BA16-44C7-A0E8-CB1BD8DD4F59}.Release|Any CPU.ActiveCfg = Release|Any CPU
		{0AE063A4-BA16-44C7-A0E8-CB1BD8DD4F59}.Release|Any CPU.Build.0 = Release|Any CPU
	EndGlobalSection
	GlobalSection(SolutionProperties) = preSolution
		HideSolutionNode = FALSE
	EndGlobalSection
	GlobalSection(NestedProjects) = preSolution
		{0AE063A4-BA16-44C7-A0E8-CB1BD8DD4F59} = {CD3490F0-9CBA-4687-9782-F1F043044A3D}
	EndGlobalSection
	GlobalSection(ExtensibilityGlobals) = postSolution
		SolutionGuid = {6DED9882-4FEE-4D8B-AFE0-673A08B84323}
	EndGlobalSection
EndGlobal
